
Microsoft Visual Studio Solution File, Format Version 12.00
# Visual Studio 15
VisualStudioVersion = 15.0.27428.2015
MinimumVisualStudioVersion = 10.0.40219.1
Project("{FAE04EC0-301F-11D3-BF4B-00C04F79EFBC}") = "Users", "Clinic\Users.csproj", "{8C79D1F1-2BE6-4C52-9D8D-4C31BF9A48AD}"
EndProject
Project("{2150E333-8FDC-42A3-9474-1A3956D46DE8}") = "presentation_client", "presentation_client", "{6491D994-73A6-47A9-B56B-E8DACFB66917}"
EndProject
Project("{2150E333-8FDC-42A3-9474-1A3956D46DE8}") = "common", "common", "{C365CC94-CD66-47D6-94ED-7268BB50BD03}"
EndProject
Project("{FAE04EC0-301F-11D3-BF4B-00C04F79EFBC}") = "DAL", "DAL\DAL.csproj", "{D197B37C-C0C4-4595-B2E2-3F73954CA26F}"
EndProject
Global
	GlobalSection(SolutionConfigurationPlatforms) = preSolution
		Debug|Any CPU = Debug|Any CPU
		Release|Any CPU = Release|Any CPU
	EndGlobalSection
	GlobalSection(ProjectConfigurationPlatforms) = postSolution
		{8C79D1F1-2BE6-4C52-9D8D-4C31BF9A48AD}.Debug|Any CPU.ActiveCfg = Debug|Any CPU
		{8C79D1F1-2BE6-4C52-9D8D-4C31BF9A48AD}.Debug|Any CPU.Build.0 = Debug|Any CPU
		{8C79D1F1-2BE6-4C52-9D8D-4C31BF9A48AD}.Release|Any CPU.ActiveCfg = Release|Any CPU
		{8C79D1F1-2BE6-4C52-9D8D-4C31BF9A48AD}.Release|Any CPU.Build.0 = Release|Any CPU
		{D197B37C-C0C4-4595-B2E2-3F73954CA26F}.Debug|Any CPU.ActiveCfg = Debug|Any CPU
		{D197B37C-C0C4-4595-B2E2-3F73954CA26F}.Debug|Any CPU.Build.0 = Debug|Any CPU
		{D197B37C-C0C4-4595-B2E2-3F73954CA26F}.Release|Any CPU.ActiveCfg = Release|Any CPU
		{D197B37C-C0C4-4595-B2E2-3F73954CA26F}.Release|Any CPU.Build.0 = Release|Any CPU
	EndGlobalSection
	GlobalSection(SolutionProperties) = preSolution
		HideSolutionNode = FALSE
	EndGlobalSection
	GlobalSection(NestedProjects) = preSolution
		{8C79D1F1-2BE6-4C52-9D8D-4C31BF9A48AD} = {6491D994-73A6-47A9-B56B-E8DACFB66917}
		{D197B37C-C0C4-4595-B2E2-3F73954CA26F} = {C365CC94-CD66-47D6-94ED-7268BB50BD03}
	EndGlobalSection
	GlobalSection(ExtensibilityGlobals) = postSolution
		SolutionGuid = {699C4AF6-CF43-460C-86D8-DC5A5AD8EF1E}
	EndGlobalSection
EndGlobal
